{
  "object": {
    "pins": [
      {
        "package": "swift-libmysql",
        "repositoryURL": "https://github.com/nicholasjackson/swift-libmysql",
        "state": {
          "branch": null,
          "revision": "e9cf8966c6782a42835333293486e7563a7106bf",
          "version": "0.3.0"
        }
      }
    ]
  },
  "version": 1
}
